// !$*UTF8*$!
{
	archiveVersion = 1;
	classes = {
	};
	objectVersion = 46;
	objects = {

/* Begin PBXBuildFile section */
		4D2F294C1CD575A100F1D46E /* AppDelegate.swift in Sources */ = {isa = PBXBuildFile; fileRef = 4D2F294B1CD575A100F1D46E /* AppDelegate.swift */; };
		4D2F294E1CD575A100F1D46E /* ViewController.swift in Sources */ = {isa = PBXBuildFile; fileRef = 4D2F294D1CD575A100F1D46E /* ViewController.swift */; };
		4D2F29511CD575A100F1D46E /* Main.storyboard in Resources */ = {isa = PBXBuildFile; fileRef = 4D2F294F1CD575A100F1D46E /* Main.storyboard */; };
		4D2F29531CD575A100F1D46E /* Assets.xcassets in Resources */ = {isa = PBXBuildFile; fileRef = 4D2F29521CD575A100F1D46E /* Assets.xcassets */; };
		4D2F29561CD575A100F1D46E /* LaunchScreen.storyboard in Resources */ = {isa = PBXBuildFile; fileRef = 4D2F29541CD575A100F1D46E /* LaunchScreen.storyboard */; };
/* End PBXBuildFile section */

/* Begin PBXFileReference section */
		4D2F29481CD575A100F1D46E /* dubstep-calculator.app */ = {isa = PBXFileReference; explicitFileType = wrapper.application; includeInIndex = 0; path = "dubstep-calculator.app"; sourceTree = BUILT_PRODUCTS_DIR; };
		4D2F294B1CD575A100F1D46E /* AppDelegate.swift */ = {isa = PBXFileReference; lastKnownFileType = sourcecode.swift; path = AppDelegate.swift; sourceTree = "<group>"; };
		4D2F294D1CD575A100F1D46E /* ViewController.swift */ = {isa = PBXFileReference; lastKnownFileType = sourcecode.swift; path = ViewController.swift; sourceTree = "<group>"; };
		4D2F29501CD575A100F1D46E /* Base */ = {isa = PBXFileReference; lastKnownFileType = file.storyboard; name = Base; path = Base.lproj/Main.storyboard; sourceTree = "<group>"; };
		4D2F29521CD575A100F1D46E /* Assets.xcassets */ = {isa = PBXFileReference; lastKnownFileType = folder.assetcatalog; path = Assets.xcassets; sourceTree = "<group>"; };
		4D2F29551CD575A100F1D46E /* Base */ = {isa = PBXFileReference; lastKnownFileType = file.storyboard; name = Base; path = Base.lproj/LaunchScreen.storyboard; sourceTree = "<group>"; };
		4D2F29571CD575A100F1D46E /* Info.plist */ = {isa = PBXFileReference; lastKnownFileType = text.plist.xml; path = Info.plist; sourceTree = "<group>"; };
/* End PBXFileReference section */

/* Begin PBXFrameworksBuildPhase section */
		4D2F29451CD575A100F1D46E /* Frameworks */ = {
			isa = PBXFrameworksBuildPhase;
			buildActionMask = 2147483647;
			files = (
			);
			runOnlyForDeploymentPostprocessing = 0;
		};
/* End PBXFrameworksBuildPhase section */

/* Begin PBXGroup section */
		4D2F293F1CD575A100F1D46E = {
			isa = PBXGroup;
			children = (
				4D2F294A1CD575A100F1D46E /* dubstep-calculator */,
				4D2F29491CD575A100F1D46E /* Products */,
			);
			sourceTree = "<group>";
		};
		4D2F29491CD575A100F1D46E /* Products */ = {
			isa = PBXGroup;
			children = (
				4D2F29481CD575A100F1D46E /* dubstep-calculator.app */,
			);
			name = Products;
			sourceTree = "<group>";
		};
		4D2F294A1CD575A100F1D46E /* dubstep-calculator */ = {
			isa = PBXGroup;
			children = (
				4D2F294B1CD575A100F1D46E /* AppDelegate.swift */,
				4D2F294D1CD575A100F1D46E /* ViewController.swift */,
				4D2F294F1CD575A100F1D46E /* Main.storyboard */,
				4D2F29521CD575A100F1D46E /* Assets.xcassets */,
				4D2F29541CD575A100F1D46E /* LaunchScreen.storyboard */,
				4D2F29571CD575A100F1D46E /* Info.plist */,
			);
			path = "dubstep-calculator";
			sourceTree = "<group>";
		};
/* End PBXGroup section */

/* Begin PBXNativeTarget section */
		4D2F29471CD575A100F1D46E /* dubstep-calculator */ = {
			isa = PBXNativeTarget;
			buildConfigurationList = 4D2F295A1CD575A100F1D46E /* Build configuration list for PBXNativeTarget "dubstep-calculator" */;
			buildPhases = (
				4D2F29441CD575A100F1D46E /* Sources */,
				4D2F29451CD575A100F1D46E /* Frameworks */,
				4D2F29461CD575A100F1D46E /* Resources */,
			);
			buildRules = (
			);
			dependencies = (
			);
			name = "dubstep-calculator";
			productName = "dubstep-calculator";
			productReference = 4D2F29481CD575A100F1D46E /* dubstep-calculator.app */;
			productType = "com.apple.product-type.application";
		};
/* End PBXNativeTarget section */

/* Begin PBXProject section */
		4D2F29401CD575A100F1D46E /* Project object */ = {
			isa = PBXProject;
			attributes = {
				LastSwiftUpdateCheck = 0730;
				LastUpgradeCheck = 0730;
				ORGANIZATIONNAME = "Mark Phillips";
				TargetAttributes = {
					4D2F29471CD575A100F1D46E = {
						CreatedOnToolsVersion = 7.3;
						DevelopmentTeam = U86B8QH44A;
					};
				};
			};
			buildConfigurationList = 4D2F29431CD575A100F1D46E /* Build configuration list for PBXProject "dubstep-calculator" */;
			compatibilityVersion = "Xcode 3.2";
			developmentRegion = English;
			hasScannedForEncodings = 0;
			knownRegions = (
				en,
				Base,
			);
			mainGroup = 4D2F293F1CD575A100F1D46E;
			productRefGroup = 4D2F29491CD575A100F1D46E /* Products */;
			projectDirPath = "";
			projectRoot = "";
			targets = (
				4D2F29471CD575A100F1D46E /* dubstep-calculator */,
			);
		};
/* End PBXProject section */

/* Begin PBXResourcesBuildPhase section */
		4D2F29461CD575A100F1D46E /* Resources */ = {
			isa = PBXResourcesBuildPhase;
			buildActionMask = 2147483647;
			files = (
				4D2F29561CD575A100F1D46E /* LaunchScreen.storyboard in Resources */,
				4D2F29531CD575A100F1D46E /* Assets.xcassets in Resources */,
				4D2F29511CD575A100F1D46E /* Main.storyboard in Resources */,
			);
			runOnlyForDeploymentPostprocessing = 0;
		};
/* End PBXResourcesBuildPhase section */

/* Begin PBXSourcesBuildPhase section */
		4D2F29441CD575A100F1D46E /* Sources */ = {
			isa = PBXSourcesBuildPhase;
			buildActionMask = 2147483647;
			files = (
				4D2F294E1CD575A100F1D46E /* ViewController.swift in Sources */,
				4D2F294C1CD575A100F1D46E /* AppDelegate.swift in Sources */,
			);
			runOnlyForDeploymentPostprocessing = 0;
		};
/* End PBXSourcesBuildPhase section */

/* Begin PBXVariantGroup section */
		4D2F294F1CD575A100F1D46E /* Main.storyboard */ = {
			isa = PBXVariantGroup;
			children = (
				4D2F29501CD575A100F1D46E /* Base */,
			);
			name = Main.storyboard;
			sourceTree = "<group>";
		};
		4D2F29541CD575A100F1D46E /* LaunchScreen.storyboard */ = {
			isa = PBXVariantGroup;
			children = (
				4D2F29551CD575A100F1D46E /* Base */,
			);
			name = LaunchScreen.storyboard;
			sourceTree = "<group>";
		};
/* End PBXVariantGroup section */

/* Begin XCBuildConfiguration section */
		4D2F29581CD575A100F1D46E /* Debug */ = {
			isa = XCBuildConfiguration;
			buildSettings = {
				ALWAYS_SEARCH_USER_PATHS = NO;
				CLANG_ANALYZER_NONNULL = YES;
				CLANG_CXX_LANGUAGE_STANDARD = "gnu++0x";
				CLANG_CXX_LIBRARY = "libc++";
				CLANG_ENABLE_MODULES = YES;
				CLANG_ENABLE_OBJC_ARC = YES;
				CLANG_WARN_BOOL_CONVERSION = YES;
				CLANG_WARN_CONSTANT_CONVERSION = YES;
				CLANG_WARN_DIRECT_OBJC_ISA_USAGE = YES_ERROR;
				CLANG_WARN_EMPTY_BODY = YES;
				CLANG_WARN_ENUM_CONVERSION = YES;
				CLANG_WARN_INT_CONVERSION = YES;
				CLANG_WARN_OBJC_ROOT_CLASS = YES_ERROR;
				CLANG_WARN_UNREACHABLE_CODE = YES;
				CLANG_WARN__DUPLICATE_METHOD_MATCH = YES;
				"CODE_SIGN_IDENTITY[sdk=iphoneos*]" = "iPhone Developer";
				COPY_PHASE_STRIP = NO;
				DEBUG_INFORMATION_FORMAT = dwarf;
				ENABLE_STRICT_OBJC_MSGSEND = YES;
				ENABLE_TESTABILITY = YES;
				GCC_C_LANGUAGE_STANDARD = gnu99;
				GCC_DYNAMIC_NO_PIC = NO;
				GCC_NO_COMMON_BLOCKS = YES;
				GCC_OPTIMIZATION_LEVEL = 0;
				GCC_PREPROCESSOR_DEFINITIONS = (
					"DEBUG=1",
					"$(inherited)",
				);
				GCC_WARN_64_TO_32_BIT_CONVERSION = YES;
				GCC_WARN_ABOUT_RETURN_TYPE = YES_ERROR;
				GCC_WARN_UNDECLARED_SELECTOR = YES;
				GCC_WARN_UNINITIALIZED_AUTOS = YES_AGGRESSIVE;
				GCC_WARN_UNUSED_FUNCTION = YES;
				GCC_WARN_UNUSED_VARIABLE = YES;
				IPHONEOS_DEPLOYMENT_TARGET = 9.3;
				MTL_ENABLE_DEBUG_INFO = YES;
				ONLY_ACTIVE_ARCH = YES;
				SDKROOT = iphoneos;
				SWIFT_OPTIMIZATION_LEVEL = "-Onone";
			};
			name = Debug;
		};
		4D2F29591CD575A100F1D46E /* Release */ = {
			isa = XCBuildConfiguration;
			buildSettings = {
				ALWAYS_SEARCH_USER_PATHS = NO;
				CLANG_ANALYZER_NONNULL = YES;
				CLANG_CXX_LANGUAGE_STANDARD = "gnu++0x";
				CLANG_CXX_LIBRARY = "libc++";
				CLANG_ENABLE_MODULES = YES;
				CLANG_ENABLE_OBJC_ARC = YES;
				CLANG_WARN_BOOL_CONVERSION = YES;
				CLANG_WARN_CONSTANT_CONVERSION = YES;
				CLANG_WARN_DIRECT_OBJC_ISA_USAGE = YES_ERROR;
				CLANG_WARN_EMPTY_BODY = YES;
				CLANG_WARN_ENUM_CONVERSION = YES;
				CLANG_WARN_INT_CONVERSION = YES;
				CLANG_WARN_OBJC_ROOT_CLASS = YES_ERROR;
				CLANG_WARN_UNREACHABLE_CODE = YES;
				CLANG_WARN__DUPLICATE_METHOD_MATCH = YES;
				"CODE_SIGN_IDENTITY[sdk=iphoneos*]" = "iPhone Developer";
				COPY_PHASE_STRIP = NO;
				DEBUG_INFORMATION_FORMAT = "dwarf-with-dsym";
				ENABLE_NS_ASSERTIONS = NO;
				ENABLE_STRICT_OBJC_MSGSEND = YES;
				GCC_C_LANGUAGE_STANDARD = gnu99;
				GCC_NO_COMMON_BLOCKS = YES;
				GCC_WARN_64_TO_32_BIT_CONVERSION = YES;
				GCC_WARN_ABOUT_RETURN_TYPE = YES_ERROR;
				GCC_WARN_UNDECLARED_SELECTOR = YES;
				GCC_WARN_UNINITIALIZED_AUTOS = YES_AGGRESSIVE;
				GCC_WARN_UNUSED_FUNCTION = YES;
				GCC_WARN_UNUSED_VARIABLE = YES;
				IPHONEOS_DEPLOYMENT_TARGET = 9.3;
				MTL_ENABLE_DEBUG_INFO = NO;
				SDKROOT = iphoneos;
				VALIDATE_PRODUCT = YES;
			};
			name = Release;
		};
		4D2F295B1CD575A100F1D46E /* Debug */ = {
			isa = XCBuildConfiguration;
			buildSettings = {
				ASSETCATALOG_COMPILER_APPICON_NAME = AppIcon;
				INFOPLIST_FILE = "dubstep-calculator/Info.plist";
				LD_RUNPATH_SEARCH_PATHS = "$(inherited) @executable_path/Frameworks";
				PRODUCT_BUNDLE_IDENTIFIER = "com.jeenyus.dubstep-calculator";
				PRODUCT_NAME = "$(TARGET_NAME)";
			};
			name = Debug;
		};
		4D2F295C1CD575A100F1D46E /* Release */ = {
			isa = XCBuildConfiguration;
			buildSettings = {
				ASSETCATALOG_COMPILER_APPICON_NAME = AppIcon;
				INFOPLIST_FILE = "dubstep-calculator/Info.plist";
				LD_RUNPATH_SEARCH_PATHS = "$(inherited) @executable_path/Frameworks";
				PRODUCT_BUNDLE_IDENTIFIER = "com.jeenyus.dubstep-calculator";
				PRODUCT_NAME = "$(TARGET_NAME)";
			};
			name = Release;
		};
/* End XCBuildConfiguration section */

/* Begin XCConfigurationList section */
		4D2F29431CD575A100F1D46E /* Build configuration list for PBXProject "dubstep-calculator" */ = {
			isa = XCConfigurationList;
			buildConfigurations = (
				4D2F29581CD575A100F1D46E /* Debug */,
				4D2F29591CD575A100F1D46E /* Release */,
			);
			defaultConfigurationIsVisible = 0;
			defaultConfigurationName = Release;
		};
		4D2F295A1CD575A100F1D46E /* Build configuration list for PBXNativeTarget "dubstep-calculator" */ = {
			isa = XCConfigurationList;
			buildConfigurations = (
				4D2F295B1CD575A100F1D46E /* Debug */,
				4D2F295C1CD575A100F1D46E /* Release */,
			);
			defaultConfigurationIsVisible = 0;
		};
/* End XCConfigurationList section */
	};
	rootObject = 4D2F29401CD575A100F1D46E /* Project object */;
}
